
Microsoft Visual Studio Solution File, Format Version 12.00
# Visual Studio 14
VisualStudioVersion = 14.0.24720.0
MinimumVisualStudioVersion = 10.0.40219.1
Project("{FAE04EC0-301F-11D3-BF4B-00C04F79EFBC}") = "EasyTransport", "EasyTransport\EasyTransport.csproj", "{BC85DDFF-6D83-4DC2-AC88-9B9813CA6CE9}"
EndProject
Project("{FAE04EC0-301F-11D3-BF4B-00C04F79EFBC}") = "EasyTransport.Data", "EasyTransport.Data\EasyTransport.Data.csproj", "{BC17C4F9-8EB5-4FF6-8079-121AA59E1BA9}"
EndProject
Project("{FAE04EC0-301F-11D3-BF4B-00C04F79EFBC}") = "EasyTransport.PathFinder", "EasyTransport.PathFinder\EasyTransport.PathFinder.csproj", "{D9EC104F-A8A9-414F-A90F-0188A75AB57B}"
EndProject
Project("{54435603-DBB4-11D2-8724-00A0C9A8B90C}") = "InstallerForEasyTransport", "InstallerForEasyTransport\InstallerForEasyTransport.vdproj", "{F7774D97-428F-42A4-8BF0-93C3F3647E47}"
EndProject
Global
	GlobalSection(SolutionConfigurationPlatforms) = preSolution
		Debug|Any CPU = Debug|Any CPU
		Release|Any CPU = Release|Any CPU
	EndGlobalSection
	GlobalSection(ProjectConfigurationPlatforms) = postSolution
		{BC85DDFF-6D83-4DC2-AC88-9B9813CA6CE9}.Debug|Any CPU.ActiveCfg = Debug|Any CPU
		{BC85DDFF-6D83-4DC2-AC88-9B9813CA6CE9}.Debug|Any CPU.Build.0 = Debug|Any CPU
		{BC85DDFF-6D83-4DC2-AC88-9B9813CA6CE9}.Release|Any CPU.ActiveCfg = Release|Any CPU
		{BC85DDFF-6D83-4DC2-AC88-9B9813CA6CE9}.Release|Any CPU.Build.0 = Release|Any CPU
		{BC17C4F9-8EB5-4FF6-8079-121AA59E1BA9}.Debug|Any CPU.ActiveCfg = Debug|Any CPU
		{BC17C4F9-8EB5-4FF6-8079-121AA59E1BA9}.Debug|Any CPU.Build.0 = Debug|Any CPU
		{BC17C4F9-8EB5-4FF6-8079-121AA59E1BA9}.Release|Any CPU.ActiveCfg = Release|Any CPU
		{BC17C4F9-8EB5-4FF6-8079-121AA59E1BA9}.Release|Any CPU.Build.0 = Release|Any CPU
		{D9EC104F-A8A9-414F-A90F-0188A75AB57B}.Debug|Any CPU.ActiveCfg = Debug|Any CPU
		{D9EC104F-A8A9-414F-A90F-0188A75AB57B}.Debug|Any CPU.Build.0 = Debug|Any CPU
		{D9EC104F-A8A9-414F-A90F-0188A75AB57B}.Release|Any CPU.ActiveCfg = Release|Any CPU
		{D9EC104F-A8A9-414F-A90F-0188A75AB57B}.Release|Any CPU.Build.0 = Release|Any CPU
		{F7774D97-428F-42A4-8BF0-93C3F3647E47}.Debug|Any CPU.ActiveCfg = Debug
		{F7774D97-428F-42A4-8BF0-93C3F3647E47}.Release|Any CPU.ActiveCfg = Release
	EndGlobalSection
	GlobalSection(SolutionProperties) = preSolution
		HideSolutionNode = FALSE
	EndGlobalSection
EndGlobal
